
Microsoft Visual Studio Solution File, Format Version 12.00
# Visual Studio Version 16
VisualStudioVersion = 16.0.28729.10
MinimumVisualStudioVersion = 10.0.40219.1
Project("{2150E333-8FDC-42A3-9474-1A3956D46DE8}") = "1. Client", "1. Client", "{C431AE5B-6904-4120-8958-C588C2F3FB17}"
EndProject
Project("{2150E333-8FDC-42A3-9474-1A3956D46DE8}") = "7. Infrastructure", "7. Infrastructure", "{2B81558B-B2DA-4909-BD0B-BC749B56F938}"
EndProject
Project("{9A19103F-16F7-4668-BE54-9A1E7A4F7556}") = "Common", "src\Common\Common.csproj", "{363984AB-FF9E-4E57-B5F6-13C7D95BAABD}"
EndProject
Project("{9A19103F-16F7-4668-BE54-9A1E7A4F7556}") = "Log", "src\Log\Log.csproj", "{0CC1B528-A024-477A-8CFF-0FF70D1ABED3}"
EndProject
Project("{9A19103F-16F7-4668-BE54-9A1E7A4F7556}") = "Manager", "src\Manager\Manager.csproj", "{0D59698C-6B7B-4D17-B2F7-AAADF95516A5}"
EndProject
Project("{2150E333-8FDC-42A3-9474-1A3956D46DE8}") = "6. DAL", "6. DAL", "{B3C71663-76AA-4A14-A4D1-6C37DDF0A460}"
EndProject
Project("{9A19103F-16F7-4668-BE54-9A1E7A4F7556}") = "Dal", "src\Dal\Dal.csproj", "{2188897F-D736-4C1C-AEBA-38A94B83DA00}"
EndProject
Project("{2150E333-8FDC-42A3-9474-1A3956D46DE8}") = "5. DataBll", "5. DataBll", "{3592E07C-86C6-4102-815A-BCEA719110D9}"
EndProject
Project("{9A19103F-16F7-4668-BE54-9A1E7A4F7556}") = "DataBll", "src\DataBll\DataBll.csproj", "{7E05A848-EA30-435A-BADE-10119D8EE9F5}"
EndProject
Project("{2150E333-8FDC-42A3-9474-1A3956D46DE8}") = "2. Model", "2. Model", "{ADAF16F8-91D4-44C4-99F5-A7986A9E65A6}"
EndProject
Project("{9A19103F-16F7-4668-BE54-9A1E7A4F7556}") = "Model", "src\Model\Model.csproj", "{C18ED4B8-0FAF-4843-853E-9F7A69CF77A2}"
EndProject
Project("{FAE04EC0-301F-11D3-BF4B-00C04F79EFBC}") = "Tips", "src\Tips\Tips.csproj", "{EEC010CF-EF57-464F-98D3-8B41201E302D}"
EndProject
Project("{9A19103F-16F7-4668-BE54-9A1E7A4F7556}") = "Util", "src\Util\Util.csproj", "{EC7686E9-7E24-4D4F-8D36-E0BD08DD3736}"
EndProject
Global
	GlobalSection(SolutionConfigurationPlatforms) = preSolution
		Debug|Any CPU = Debug|Any CPU
		Release|Any CPU = Release|Any CPU
	EndGlobalSection
	GlobalSection(ProjectConfigurationPlatforms) = postSolution
		{363984AB-FF9E-4E57-B5F6-13C7D95BAABD}.Debug|Any CPU.ActiveCfg = Debug|Any CPU
		{363984AB-FF9E-4E57-B5F6-13C7D95BAABD}.Debug|Any CPU.Build.0 = Debug|Any CPU
		{363984AB-FF9E-4E57-B5F6-13C7D95BAABD}.Release|Any CPU.ActiveCfg = Release|Any CPU
		{363984AB-FF9E-4E57-B5F6-13C7D95BAABD}.Release|Any CPU.Build.0 = Release|Any CPU
		{0CC1B528-A024-477A-8CFF-0FF70D1ABED3}.Debug|Any CPU.ActiveCfg = Debug|Any CPU
		{0CC1B528-A024-477A-8CFF-0FF70D1ABED3}.Debug|Any CPU.Build.0 = Debug|Any CPU
		{0CC1B528-A024-477A-8CFF-0FF70D1ABED3}.Release|Any CPU.ActiveCfg = Release|Any CPU
		{0CC1B528-A024-477A-8CFF-0FF70D1ABED3}.Release|Any CPU.Build.0 = Release|Any CPU
		{0D59698C-6B7B-4D17-B2F7-AAADF95516A5}.Debug|Any CPU.ActiveCfg = Debug|Any CPU
		{0D59698C-6B7B-4D17-B2F7-AAADF95516A5}.Debug|Any CPU.Build.0 = Debug|Any CPU
		{0D59698C-6B7B-4D17-B2F7-AAADF95516A5}.Release|Any CPU.ActiveCfg = Release|Any CPU
		{0D59698C-6B7B-4D17-B2F7-AAADF95516A5}.Release|Any CPU.Build.0 = Release|Any CPU
		{2188897F-D736-4C1C-AEBA-38A94B83DA00}.Debug|Any CPU.ActiveCfg = Debug|Any CPU
		{2188897F-D736-4C1C-AEBA-38A94B83DA00}.Debug|Any CPU.Build.0 = Debug|Any CPU
		{2188897F-D736-4C1C-AEBA-38A94B83DA00}.Release|Any CPU.ActiveCfg = Release|Any CPU
		{2188897F-D736-4C1C-AEBA-38A94B83DA00}.Release|Any CPU.Build.0 = Release|Any CPU
		{7E05A848-EA30-435A-BADE-10119D8EE9F5}.Debug|Any CPU.ActiveCfg = Debug|Any CPU
		{7E05A848-EA30-435A-BADE-10119D8EE9F5}.Debug|Any CPU.Build.0 = Debug|Any CPU
		{7E05A848-EA30-435A-BADE-10119D8EE9F5}.Release|Any CPU.ActiveCfg = Release|Any CPU
		{7E05A848-EA30-435A-BADE-10119D8EE9F5}.Release|Any CPU.Build.0 = Release|Any CPU
		{C18ED4B8-0FAF-4843-853E-9F7A69CF77A2}.Debug|Any CPU.ActiveCfg = Debug|Any CPU
		{C18ED4B8-0FAF-4843-853E-9F7A69CF77A2}.Debug|Any CPU.Build.0 = Debug|Any CPU
		{C18ED4B8-0FAF-4843-853E-9F7A69CF77A2}.Release|Any CPU.ActiveCfg = Release|Any CPU
		{C18ED4B8-0FAF-4843-853E-9F7A69CF77A2}.Release|Any CPU.Build.0 = Release|Any CPU
		{EEC010CF-EF57-464F-98D3-8B41201E302D}.Debug|Any CPU.ActiveCfg = Debug|Any CPU
		{EEC010CF-EF57-464F-98D3-8B41201E302D}.Debug|Any CPU.Build.0 = Debug|Any CPU
		{EEC010CF-EF57-464F-98D3-8B41201E302D}.Release|Any CPU.ActiveCfg = Release|Any CPU
		{EEC010CF-EF57-464F-98D3-8B41201E302D}.Release|Any CPU.Build.0 = Release|Any CPU
		{EC7686E9-7E24-4D4F-8D36-E0BD08DD3736}.Debug|Any CPU.ActiveCfg = Debug|Any CPU
		{EC7686E9-7E24-4D4F-8D36-E0BD08DD3736}.Debug|Any CPU.Build.0 = Debug|Any CPU
		{EC7686E9-7E24-4D4F-8D36-E0BD08DD3736}.Release|Any CPU.ActiveCfg = Release|Any CPU
		{EC7686E9-7E24-4D4F-8D36-E0BD08DD3736}.Release|Any CPU.Build.0 = Release|Any CPU
	EndGlobalSection
	GlobalSection(SolutionProperties) = preSolution
		HideSolutionNode = FALSE
	EndGlobalSection
	GlobalSection(NestedProjects) = preSolution
		{363984AB-FF9E-4E57-B5F6-13C7D95BAABD} = {2B81558B-B2DA-4909-BD0B-BC749B56F938}
		{0CC1B528-A024-477A-8CFF-0FF70D1ABED3} = {2B81558B-B2DA-4909-BD0B-BC749B56F938}
		{0D59698C-6B7B-4D17-B2F7-AAADF95516A5} = {C431AE5B-6904-4120-8958-C588C2F3FB17}
		{2188897F-D736-4C1C-AEBA-38A94B83DA00} = {B3C71663-76AA-4A14-A4D1-6C37DDF0A460}
		{7E05A848-EA30-435A-BADE-10119D8EE9F5} = {3592E07C-86C6-4102-815A-BCEA719110D9}
		{C18ED4B8-0FAF-4843-853E-9F7A69CF77A2} = {ADAF16F8-91D4-44C4-99F5-A7986A9E65A6}
		{EEC010CF-EF57-464F-98D3-8B41201E302D} = {2B81558B-B2DA-4909-BD0B-BC749B56F938}
		{EC7686E9-7E24-4D4F-8D36-E0BD08DD3736} = {2B81558B-B2DA-4909-BD0B-BC749B56F938}
	EndGlobalSection
	GlobalSection(ExtensibilityGlobals) = postSolution
		SolutionGuid = {2BC15082-B3A5-4D59-86AE-171F13225D5A}
	EndGlobalSection
EndGlobal
